// !$*UTF8*$!
{
	archiveVersion = 1;
	classes = {
	};
	objectVersion = 56;
	objects = {

/* Begin PBXBuildFile section */
		4139AC062B51E2B8007C75C5 /* AppDelegate.swift in Sources */ = {isa = PBXBuildFile; fileRef = 4139AC052B51E2B8007C75C5 /* AppDelegate.swift */; };
		4139AC082B51E2B8007C75C5 /* SceneDelegate.swift in Sources */ = {isa = PBXBuildFile; fileRef = 4139AC072B51E2B8007C75C5 /* SceneDelegate.swift */; };
		4139AC0A2B51E2B8007C75C5 /* LoginViewController.swift in Sources */ = {isa = PBXBuildFile; fileRef = 4139AC092B51E2B8007C75C5 /* LoginViewController.swift */; };
		4139AC0D2B51E2B8007C75C5 /* Main.storyboard in Resources */ = {isa = PBXBuildFile; fileRef = 4139AC0B2B51E2B8007C75C5 /* Main.storyboard */; };
		4139AC0F2B51E2BB007C75C5 /* Assets.xcassets in Resources */ = {isa = PBXBuildFile; fileRef = 4139AC0E2B51E2BB007C75C5 /* Assets.xcassets */; };
		4139AC122B51E2BB007C75C5 /* LaunchScreen.storyboard in Resources */ = {isa = PBXBuildFile; fileRef = 4139AC102B51E2BB007C75C5 /* LaunchScreen.storyboard */; };
		4139AC1D2B51E2BB007C75C5 /* MVVMTutorialTests.swift in Sources */ = {isa = PBXBuildFile; fileRef = 4139AC1C2B51E2BB007C75C5 /* MVVMTutorialTests.swift */; };
		4139AC272B51E2BB007C75C5 /* MVVMTutorialUITests.swift in Sources */ = {isa = PBXBuildFile; fileRef = 4139AC262B51E2BB007C75C5 /* MVVMTutorialUITests.swift */; };
		4139AC292B51E2BB007C75C5 /* MVVMTutorialUITestsLaunchTests.swift in Sources */ = {isa = PBXBuildFile; fileRef = 4139AC282B51E2BB007C75C5 /* MVVMTutorialUITestsLaunchTests.swift */; };
		414653AD2B55DA35008B8A3B /* User.swift in Sources */ = {isa = PBXBuildFile; fileRef = 414653AC2B55DA35008B8A3B /* User.swift */; };
		414653AF2B55DA7E008B8A3B /* LoginViewModel.swift in Sources */ = {isa = PBXBuildFile; fileRef = 414653AE2B55DA7E008B8A3B /* LoginViewModel.swift */; };
		414653B52B55E036008B8A3B /* NetworkService.swift in Sources */ = {isa = PBXBuildFile; fileRef = 414653B42B55E036008B8A3B /* NetworkService.swift */; };
		414653B82B55FD96008B8A3B /* HomeViewController.swift in Sources */ = {isa = PBXBuildFile; fileRef = 414653B72B55FD96008B8A3B /* HomeViewController.swift */; };
		414653BA2B560790008B8A3B /* HomeViewModel.swift in Sources */ = {isa = PBXBuildFile; fileRef = 414653B92B560790008B8A3B /* HomeViewModel.swift */; };
/* End PBXBuildFile section */

/* Begin PBXContainerItemProxy section */
		4139AC192B51E2BB007C75C5 /* PBXContainerItemProxy */ = {
			isa = PBXContainerItemProxy;
			containerPortal = 4139ABFA2B51E2B8007C75C5 /* Project object */;
			proxyType = 1;
			remoteGlobalIDString = 4139AC012B51E2B8007C75C5;
			remoteInfo = MVVMTutorial;
		};
		4139AC232B51E2BB007C75C5 /* PBXContainerItemProxy */ = {
			isa = PBXContainerItemProxy;
			containerPortal = 4139ABFA2B51E2B8007C75C5 /* Project object */;
			proxyType = 1;
			remoteGlobalIDString = 4139AC012B51E2B8007C75C5;
			remoteInfo = MVVMTutorial;
		};
/* End PBXContainerItemProxy section */

/* Begin PBXFileReference section */
		4139AC022B51E2B8007C75C5 /* MVVMTutorial.app */ = {isa = PBXFileReference; explicitFileType = wrapper.application; includeInIndex = 0; path = MVVMTutorial.app; sourceTree = BUILT_PRODUCTS_DIR; };
		4139AC052B51E2B8007C75C5 /* AppDelegate.swift */ = {isa = PBXFileReference; lastKnownFileType = sourcecode.swift; path = AppDelegate.swift; sourceTree = "<group>"; };
		4139AC072B51E2B8007C75C5 /* SceneDelegate.swift */ = {isa = PBXFileReference; lastKnownFileType = sourcecode.swift; path = SceneDelegate.swift; sourceTree = "<group>"; };
		4139AC092B51E2B8007C75C5 /* LoginViewController.swift */ = {isa = PBXFileReference; lastKnownFileType = sourcecode.swift; path = LoginViewController.swift; sourceTree = "<group>"; };
		4139AC0C2B51E2B8007C75C5 /* Base */ = {isa = PBXFileReference; lastKnownFileType = file.storyboard; name = Base; path = Base.lproj/Main.storyboard; sourceTree = "<group>"; };
		4139AC0E2B51E2BB007C75C5 /* Assets.xcassets */ = {isa = PBXFileReference; lastKnownFileType = folder.assetcatalog; path = Assets.xcassets; sourceTree = "<group>"; };
		4139AC112B51E2BB007C75C5 /* Base */ = {isa = PBXFileReference; lastKnownFileType = file.storyboard; name = Base; path = Base.lproj/LaunchScreen.storyboard; sourceTree = "<group>"; };
		4139AC132B51E2BB007C75C5 /* Info.plist */ = {isa = PBXFileReference; lastKnownFileType = text.plist.xml; path = Info.plist; sourceTree = "<group>"; };
		4139AC182B51E2BB007C75C5 /* MVVMTutorialTests.xctest */ = {isa = PBXFileReference; explicitFileType = wrapper.cfbundle; includeInIndex = 0; path = MVVMTutorialTests.xctest; sourceTree = BUILT_PRODUCTS_DIR; };
		4139AC1C2B51E2BB007C75C5 /* MVVMTutorialTests.swift */ = {isa = PBXFileReference; lastKnownFileType = sourcecode.swift; path = MVVMTutorialTests.swift; sourceTree = "<group>"; };
		4139AC222B51E2BB007C75C5 /* MVVMTutorialUITests.xctest */ = {isa = PBXFileReference; explicitFileType = wrapper.cfbundle; includeInIndex = 0; path = MVVMTutorialUITests.xctest; sourceTree = BUILT_PRODUCTS_DIR; };
		4139AC262B51E2BB007C75C5 /* MVVMTutorialUITests.swift */ = {isa = PBXFileReference; lastKnownFileType = sourcecode.swift; path = MVVMTutorialUITests.swift; sourceTree = "<group>"; };
		4139AC282B51E2BB007C75C5 /* MVVMTutorialUITestsLaunchTests.swift */ = {isa = PBXFileReference; lastKnownFileType = sourcecode.swift; path = MVVMTutorialUITestsLaunchTests.swift; sourceTree = "<group>"; };
		4139AC362B546D86007C75C5 /* en */ = {isa = PBXFileReference; lastKnownFileType = text.plist.strings; name = en; path = en.lproj/Main.strings; sourceTree = "<group>"; };
		414653AC2B55DA35008B8A3B /* User.swift */ = {isa = PBXFileReference; lastKnownFileType = sourcecode.swift; path = User.swift; sourceTree = "<group>"; };
		414653AE2B55DA7E008B8A3B /* LoginViewModel.swift */ = {isa = PBXFileReference; lastKnownFileType = sourcecode.swift; path = LoginViewModel.swift; sourceTree = "<group>"; };
		414653B42B55E036008B8A3B /* NetworkService.swift */ = {isa = PBXFileReference; lastKnownFileType = sourcecode.swift; path = NetworkService.swift; sourceTree = "<group>"; };
		414653B72B55FD96008B8A3B /* HomeViewController.swift */ = {isa = PBXFileReference; lastKnownFileType = sourcecode.swift; path = HomeViewController.swift; sourceTree = "<group>"; };
		414653B92B560790008B8A3B /* HomeViewModel.swift */ = {isa = PBXFileReference; lastKnownFileType = sourcecode.swift; path = HomeViewModel.swift; sourceTree = "<group>"; };
/* End PBXFileReference section */

/* Begin PBXFrameworksBuildPhase section */
		4139ABFF2B51E2B8007C75C5 /* Frameworks */ = {
			isa = PBXFrameworksBuildPhase;
			buildActionMask = 2147483647;
			files = (
			);
			runOnlyForDeploymentPostprocessing = 0;
		};
		4139AC152B51E2BB007C75C5 /* Frameworks */ = {
			isa = PBXFrameworksBuildPhase;
			buildActionMask = 2147483647;
			files = (
			);
			runOnlyForDeploymentPostprocessing = 0;
		};
		4139AC1F2B51E2BB007C75C5 /* Frameworks */ = {
			isa = PBXFrameworksBuildPhase;
			buildActionMask = 2147483647;
			files = (
			);
			runOnlyForDeploymentPostprocessing = 0;
		};
/* End PBXFrameworksBuildPhase section */

/* Begin PBXGroup section */
		4139ABF92B51E2B8007C75C5 = {
			isa = PBXGroup;
			children = (
				4139AC042B51E2B8007C75C5 /* MVVMTutorial */,
				4139AC1B2B51E2BB007C75C5 /* MVVMTutorialTests */,
				4139AC252B51E2BB007C75C5 /* MVVMTutorialUITests */,
				4139AC032B51E2B8007C75C5 /* Products */,
			);
			sourceTree = "<group>";
		};
		4139AC032B51E2B8007C75C5 /* Products */ = {
			isa = PBXGroup;
			children = (
				4139AC022B51E2B8007C75C5 /* MVVMTutorial.app */,
				4139AC182B51E2BB007C75C5 /* MVVMTutorialTests.xctest */,
				4139AC222B51E2BB007C75C5 /* MVVMTutorialUITests.xctest */,
			);
			name = Products;
			sourceTree = "<group>";
		};
		4139AC042B51E2B8007C75C5 /* MVVMTutorial */ = {
			isa = PBXGroup;
			children = (
				4139AC052B51E2B8007C75C5 /* AppDelegate.swift */,
				4139AC072B51E2B8007C75C5 /* SceneDelegate.swift */,
				414653B62B55F84D008B8A3B /* Login */,
				414653B42B55E036008B8A3B /* NetworkService.swift */,
				414653BB2B560796008B8A3B /* Home */,
				414653AC2B55DA35008B8A3B /* User.swift */,
				4139AC0B2B51E2B8007C75C5 /* Main.storyboard */,
				4139AC0E2B51E2BB007C75C5 /* Assets.xcassets */,
				4139AC102B51E2BB007C75C5 /* LaunchScreen.storyboard */,
				4139AC132B51E2BB007C75C5 /* Info.plist */,
			);
			path = MVVMTutorial;
			sourceTree = "<group>";
		};
		4139AC1B2B51E2BB007C75C5 /* MVVMTutorialTests */ = {
			isa = PBXGroup;
			children = (
				4139AC1C2B51E2BB007C75C5 /* MVVMTutorialTests.swift */,
			);
			path = MVVMTutorialTests;
			sourceTree = "<group>";
		};
		4139AC252B51E2BB007C75C5 /* MVVMTutorialUITests */ = {
			isa = PBXGroup;
			children = (
				4139AC262B51E2BB007C75C5 /* MVVMTutorialUITests.swift */,
				4139AC282B51E2BB007C75C5 /* MVVMTutorialUITestsLaunchTests.swift */,
			);
			path = MVVMTutorialUITests;
			sourceTree = "<group>";
		};
		414653B62B55F84D008B8A3B /* Login */ = {
			isa = PBXGroup;
			children = (
				4139AC092B51E2B8007C75C5 /* LoginViewController.swift */,
				414653AE2B55DA7E008B8A3B /* LoginViewModel.swift */,
			);
			path = Login;
			sourceTree = "<group>";
		};
		414653BB2B560796008B8A3B /* Home */ = {
			isa = PBXGroup;
			children = (
				414653B92B560790008B8A3B /* HomeViewModel.swift */,
				414653B72B55FD96008B8A3B /* HomeViewController.swift */,
			);
			path = Home;
			sourceTree = "<group>";
		};
/* End PBXGroup section */

/* Begin PBXNativeTarget section */
		4139AC012B51E2B8007C75C5 /* MVVMTutorial */ = {
			isa = PBXNativeTarget;
			buildConfigurationList = 4139AC2C2B51E2BB007C75C5 /* Build configuration list for PBXNativeTarget "MVVMTutorial" */;
			buildPhases = (
				4139ABFE2B51E2B8007C75C5 /* Sources */,
				4139ABFF2B51E2B8007C75C5 /* Frameworks */,
				4139AC002B51E2B8007C75C5 /* Resources */,
			);
			buildRules = (
			);
			dependencies = (
			);
			name = MVVMTutorial;
			productName = MVVMTutorial;
			productReference = 4139AC022B51E2B8007C75C5 /* MVVMTutorial.app */;
			productType = "com.apple.product-type.application";
		};
		4139AC172B51E2BB007C75C5 /* MVVMTutorialTests */ = {
			isa = PBXNativeTarget;
			buildConfigurationList = 4139AC2F2B51E2BB007C75C5 /* Build configuration list for PBXNativeTarget "MVVMTutorialTests" */;
			buildPhases = (
				4139AC142B51E2BB007C75C5 /* Sources */,
				4139AC152B51E2BB007C75C5 /* Frameworks */,
				4139AC162B51E2BB007C75C5 /* Resources */,
			);
			buildRules = (
			);
			dependencies = (
				4139AC1A2B51E2BB007C75C5 /* PBXTargetDependency */,
			);
			name = MVVMTutorialTests;
			productName = MVVMTutorialTests;
			productReference = 4139AC182B51E2BB007C75C5 /* MVVMTutorialTests.xctest */;
			productType = "com.apple.product-type.bundle.unit-test";
		};
		4139AC212B51E2BB007C75C5 /* MVVMTutorialUITests */ = {
			isa = PBXNativeTarget;
			buildConfigurationList = 4139AC322B51E2BB007C75C5 /* Build configuration list for PBXNativeTarget "MVVMTutorialUITests" */;
			buildPhases = (
				4139AC1E2B51E2BB007C75C5 /* Sources */,
				4139AC1F2B51E2BB007C75C5 /* Frameworks */,
				4139AC202B51E2BB007C75C5 /* Resources */,
			);
			buildRules = (
			);
			dependencies = (
				4139AC242B51E2BB007C75C5 /* PBXTargetDependency */,
			);
			name = MVVMTutorialUITests;
			productName = MVVMTutorialUITests;
			productReference = 4139AC222B51E2BB007C75C5 /* MVVMTutorialUITests.xctest */;
			productType = "com.apple.product-type.bundle.ui-testing";
		};
/* End PBXNativeTarget section */

/* Begin PBXProject section */
		4139ABFA2B51E2B8007C75C5 /* Project object */ = {
			isa = PBXProject;
			attributes = {
				BuildIndependentTargetsInParallel = 1;
				LastSwiftUpdateCheck = 1520;
				LastUpgradeCheck = 1520;
				TargetAttributes = {
					4139AC012B51E2B8007C75C5 = {
						CreatedOnToolsVersion = 15.2;
					};
					4139AC172B51E2BB007C75C5 = {
						CreatedOnToolsVersion = 15.2;
						TestTargetID = 4139AC012B51E2B8007C75C5;
					};
					4139AC212B51E2BB007C75C5 = {
						CreatedOnToolsVersion = 15.2;
						TestTargetID = 4139AC012B51E2B8007C75C5;
					};
				};
			};
			buildConfigurationList = 4139ABFD2B51E2B8007C75C5 /* Build configuration list for PBXProject "MVVMTutorial" */;
			compatibilityVersion = "Xcode 14.0";
			developmentRegion = en;
			hasScannedForEncodings = 0;
			knownRegions = (
				en,
				Base,
			);
			mainGroup = 4139ABF92B51E2B8007C75C5;
			productRefGroup = 4139AC032B51E2B8007C75C5 /* Products */;
			projectDirPath = "";
			projectRoot = "";
			targets = (
				4139AC012B51E2B8007C75C5 /* MVVMTutorial */,
				4139AC172B51E2BB007C75C5 /* MVVMTutorialTests */,
				4139AC212B51E2BB007C75C5 /* MVVMTutorialUITests */,
			);
		};
/* End PBXProject section */

/* Begin PBXResourcesBuildPhase section */
		4139AC002B51E2B8007C75C5 /* Resources */ = {
			isa = PBXResourcesBuildPhase;
			buildActionMask = 2147483647;
			files = (
				4139AC122B51E2BB007C75C5 /* LaunchScreen.storyboard in Resources */,
				4139AC0F2B51E2BB007C75C5 /* Assets.xcassets in Resources */,
				4139AC0D2B51E2B8007C75C5 /* Main.storyboard in Resources */,
			);
			runOnlyForDeploymentPostprocessing = 0;
		};
		4139AC162B51E2BB007C75C5 /* Resources */ = {
			isa = PBXResourcesBuildPhase;
			buildActionMask = 2147483647;
			files = (
			);
			runOnlyForDeploymentPostprocessing = 0;
		};
		4139AC202B51E2BB007C75C5 /* Resources */ = {
			isa = PBXResourcesBuildPhase;
			buildActionMask = 2147483647;
			files = (
			);
			runOnlyForDeploymentPostprocessing = 0;
		};
/* End PBXResourcesBuildPhase section */

/* Begin PBXSourcesBuildPhase section */
		4139ABFE2B51E2B8007C75C5 /* Sources */ = {
			isa = PBXSourcesBuildPhase;
			buildActionMask = 2147483647;
			files = (
				414653AD2B55DA35008B8A3B /* User.swift in Sources */,
				414653BA2B560790008B8A3B /* HomeViewModel.swift in Sources */,
				4139AC0A2B51E2B8007C75C5 /* LoginViewController.swift in Sources */,
				4139AC062B51E2B8007C75C5 /* AppDelegate.swift in Sources */,
				414653B82B55FD96008B8A3B /* HomeViewController.swift in Sources */,
				414653AF2B55DA7E008B8A3B /* LoginViewModel.swift in Sources */,
				4139AC082B51E2B8007C75C5 /* SceneDelegate.swift in Sources */,
				414653B52B55E036008B8A3B /* NetworkService.swift in Sources */,
			);
			runOnlyForDeploymentPostprocessing = 0;
		};
		4139AC142B51E2BB007C75C5 /* Sources */ = {
			isa = PBXSourcesBuildPhase;
			buildActionMask = 2147483647;
			files = (
				4139AC1D2B51E2BB007C75C5 /* MVVMTutorialTests.swift in Sources */,
			);
			runOnlyForDeploymentPostprocessing = 0;
		};
		4139AC1E2B51E2BB007C75C5 /* Sources */ = {
			isa = PBXSourcesBuildPhase;
			buildActionMask = 2147483647;
			files = (
				4139AC292B51E2BB007C75C5 /* MVVMTutorialUITestsLaunchTests.swift in Sources */,
				4139AC272B51E2BB007C75C5 /* MVVMTutorialUITests.swift in Sources */,
			);
			runOnlyForDeploymentPostprocessing = 0;
		};
/* End PBXSourcesBuildPhase section */

/* Begin PBXTargetDependency section */
		4139AC1A2B51E2BB007C75C5 /* PBXTargetDependency */ = {
			isa = PBXTargetDependency;
			target = 4139AC012B51E2B8007C75C5 /* MVVMTutorial */;
			targetProxy = 4139AC192B51E2BB007C75C5 /* PBXContainerItemProxy */;
		};
		4139AC242B51E2BB007C75C5 /* PBXTargetDependency */ = {
			isa = PBXTargetDependency;
			target = 4139AC012B51E2B8007C75C5 /* MVVMTutorial */;
			targetProxy = 4139AC232B51E2BB007C75C5 /* PBXContainerItemProxy */;
		};
/* End PBXTargetDependency section */

/* Begin PBXVariantGroup section */
		4139AC0B2B51E2B8007C75C5 /* Main.storyboard */ = {
			isa = PBXVariantGroup;
			children = (
				4139AC0C2B51E2B8007C75C5 /* Base */,
				4139AC362B546D86007C75C5 /* en */,
			);
			name = Main.storyboard;
			sourceTree = "<group>";
		};
		4139AC102B51E2BB007C75C5 /* LaunchScreen.storyboard */ = {
			isa = PBXVariantGroup;
			children = (
				4139AC112B51E2BB007C75C5 /* Base */,
			);
			name = LaunchScreen.storyboard;
			sourceTree = "<group>";
		};
/* End PBXVariantGroup section */

/* Begin XCBuildConfiguration section */
		4139AC2A2B51E2BB007C75C5 /* Debug */ = {
			isa = XCBuildConfiguration;
			buildSettings = {
				ALWAYS_SEARCH_USER_PATHS = NO;
				ASSETCATALOG_COMPILER_GENERATE_SWIFT_ASSET_SYMBOL_EXTENSIONS = YES;
				CLANG_ANALYZER_NONNULL = YES;
				CLANG_ANALYZER_NUMBER_OBJECT_CONVERSION = YES_AGGRESSIVE;
				CLANG_CXX_LANGUAGE_STANDARD = "gnu++20";
				CLANG_ENABLE_MODULES = YES;
				CLANG_ENABLE_OBJC_ARC = YES;
				CLANG_ENABLE_OBJC_WEAK = YES;
				CLANG_WARN_BLOCK_CAPTURE_AUTORELEASING = YES;
				CLANG_WARN_BOOL_CONVERSION = YES;
				CLANG_WARN_COMMA = YES;
				CLANG_WARN_CONSTANT_CONVERSION = YES;
				CLANG_WARN_DEPRECATED_OBJC_IMPLEMENTATIONS = YES;
				CLANG_WARN_DIRECT_OBJC_ISA_USAGE = YES_ERROR;
				CLANG_WARN_DOCUMENTATION_COMMENTS = YES;
				CLANG_WARN_EMPTY_BODY = YES;
				CLANG_WARN_ENUM_CONVERSION = YES;
				CLANG_WARN_INFINITE_RECURSION = YES;
				CLANG_WARN_INT_CONVERSION = YES;
				CLANG_WARN_NON_LITERAL_NULL_CONVERSION = YES;
				CLANG_WARN_OBJC_IMPLICIT_RETAIN_SELF = YES;
				CLANG_WARN_OBJC_LITERAL_CONVERSION = YES;
				CLANG_WARN_OBJC_ROOT_CLASS = YES_ERROR;
				CLANG_WARN_QUOTED_INCLUDE_IN_FRAMEWORK_HEADER = YES;
				CLANG_WARN_RANGE_LOOP_ANALYSIS = YES;
				CLANG_WARN_STRICT_PROTOTYPES = YES;
				CLANG_WARN_SUSPICIOUS_MOVE = YES;
				CLANG_WARN_UNGUARDED_AVAILABILITY = YES_AGGRESSIVE;
				CLANG_WARN_UNREACHABLE_CODE = YES;
				CLANG_WARN__DUPLICATE_METHOD_MATCH = YES;
				COPY_PHASE_STRIP = NO;
				DEBUG_INFORMATION_FORMAT = dwarf;
				ENABLE_STRICT_OBJC_MSGSEND = YES;
				ENABLE_TESTABILITY = YES;
				ENABLE_USER_SCRIPT_SANDBOXING = YES;
				GCC_C_LANGUAGE_STANDARD = gnu17;
				GCC_DYNAMIC_NO_PIC = NO;
				GCC_NO_COMMON_BLOCKS = YES;
				GCC_OPTIMIZATION_LEVEL = 0;
				GCC_PREPROCESSOR_DEFINITIONS = (
					"DEBUG=1",
					"$(inherited)",
				);
				GCC_WARN_64_TO_32_BIT_CONVERSION = YES;
				GCC_WARN_ABOUT_RETURN_TYPE = YES_ERROR;
				GCC_WARN_UNDECLARED_SELECTOR = YES;
				GCC_WARN_UNINITIALIZED_AUTOS = YES_AGGRESSIVE;
				GCC_WARN_UNUSED_FUNCTION = YES;
				GCC_WARN_UNUSED_VARIABLE = YES;
				IPHONEOS_DEPLOYMENT_TARGET = 17.2;
				LOCALIZATION_PREFERS_STRING_CATALOGS = YES;
				MTL_ENABLE_DEBUG_INFO = INCLUDE_SOURCE;
				MTL_FAST_MATH = YES;
				ONLY_ACTIVE_ARCH = YES;
				SDKROOT = iphoneos;
				SWIFT_ACTIVE_COMPILATION_CONDITIONS = "DEBUG $(inherited)";
				SWIFT_OPTIMIZATION_LEVEL = "-Onone";
			};
			name = Debug;
		};
		4139AC2B2B51E2BB007C75C5 /* Release */ = {
			isa = XCBuildConfiguration;
			buildSettings = {
				ALWAYS_SEARCH_USER_PATHS = NO;
				ASSETCATALOG_COMPILER_GENERATE_SWIFT_ASSET_SYMBOL_EXTENSIONS = YES;
				CLANG_ANALYZER_NONNULL = YES;
				CLANG_ANALYZER_NUMBER_OBJECT_CONVERSION = YES_AGGRESSIVE;
				CLANG_CXX_LANGUAGE_STANDARD = "gnu++20";
				CLANG_ENABLE_MODULES = YES;
				CLANG_ENABLE_OBJC_ARC = YES;
				CLANG_ENABLE_OBJC_WEAK = YES;
				CLANG_WARN_BLOCK_CAPTURE_AUTORELEASING = YES;
				CLANG_WARN_BOOL_CONVERSION = YES;
				CLANG_WARN_COMMA = YES;
				CLANG_WARN_CONSTANT_CONVERSION = YES;
				CLANG_WARN_DEPRECATED_OBJC_IMPLEMENTATIONS = YES;
				CLANG_WARN_DIRECT_OBJC_ISA_USAGE = YES_ERROR;
				CLANG_WARN_DOCUMENTATION_COMMENTS = YES;
				CLANG_WARN_EMPTY_BODY = YES;
				CLANG_WARN_ENUM_CONVERSION = YES;
				CLANG_WARN_INFINITE_RECURSION = YES;
				CLANG_WARN_INT_CONVERSION = YES;
				CLANG_WARN_NON_LITERAL_NULL_CONVERSION = YES;
				CLANG_WARN_OBJC_IMPLICIT_RETAIN_SELF = YES;
				CLANG_WARN_OBJC_LITERAL_CONVERSION = YES;
				CLANG_WARN_OBJC_ROOT_CLASS = YES_ERROR;
				CLANG_WARN_QUOTED_INCLUDE_IN_FRAMEWORK_HEADER = YES;
				CLANG_WARN_RANGE_LOOP_ANALYSIS = YES;
				CLANG_WARN_STRICT_PROTOTYPES = YES;
				CLANG_WARN_SUSPICIOUS_MOVE = YES;
				CLANG_WARN_UNGUARDED_AVAILABILITY = YES_AGGRESSIVE;
				CLANG_WARN_UNREACHABLE_CODE = YES;
				CLANG_WARN__DUPLICATE_METHOD_MATCH = YES;
				COPY_PHASE_STRIP = NO;
				DEBUG_INFORMATION_FORMAT = "dwarf-with-dsym";
				ENABLE_NS_ASSERTIONS = NO;
				ENABLE_STRICT_OBJC_MSGSEND = YES;
				ENABLE_USER_SCRIPT_SANDBOXING = YES;
				GCC_C_LANGUAGE_STANDARD = gnu17;
				GCC_NO_COMMON_BLOCKS = YES;
				GCC_WARN_64_TO_32_BIT_CONVERSION = YES;
				GCC_WARN_ABOUT_RETURN_TYPE = YES_ERROR;
				GCC_WARN_UNDECLARED_SELECTOR = YES;
				GCC_WARN_UNINITIALIZED_AUTOS = YES_AGGRESSIVE;
				GCC_WARN_UNUSED_FUNCTION = YES;
				GCC_WARN_UNUSED_VARIABLE = YES;
				IPHONEOS_DEPLOYMENT_TARGET = 17.2;
				LOCALIZATION_PREFERS_STRING_CATALOGS = YES;
				MTL_ENABLE_DEBUG_INFO = NO;
				MTL_FAST_MATH = YES;
				SDKROOT = iphoneos;
				SWIFT_COMPILATION_MODE = wholemodule;
				VALIDATE_PRODUCT = YES;
			};
			name = Release;
		};
		4139AC2D2B51E2BB007C75C5 /* Debug */ = {
			isa = XCBuildConfiguration;
			buildSettings = {
				ASSETCATALOG_COMPILER_APPICON_NAME = AppIcon;
				ASSETCATALOG_COMPILER_GLOBAL_ACCENT_COLOR_NAME = AccentColor;
				CODE_SIGN_STYLE = Automatic;
				CURRENT_PROJECT_VERSION = 1;
				DEVELOPMENT_TEAM = MX6LE45VPZ;
				GENERATE_INFOPLIST_FILE = YES;
				INFOPLIST_FILE = MVVMTutorial/Info.plist;
				INFOPLIST_KEY_UIApplicationSupportsIndirectInputEvents = YES;
				INFOPLIST_KEY_UILaunchStoryboardName = LaunchScreen;
				INFOPLIST_KEY_UIMainStoryboardFile = Main;
				INFOPLIST_KEY_UISupportedInterfaceOrientations = UIInterfaceOrientationPortrait;
				INFOPLIST_KEY_UISupportedInterfaceOrientations_iPad = "UIInterfaceOrientationLandscapeLeft UIInterfaceOrientationLandscapeRight UIInterfaceOrientationPortrait UIInterfaceOrientationPortraitUpsideDown";
				IPHONEOS_DEPLOYMENT_TARGET = 15.0;
				LD_RUNPATH_SEARCH_PATHS = (
					"$(inherited)",
					"@executable_path/Frameworks",
				);
				MARKETING_VERSION = 1.0;
				PRODUCT_BUNDLE_IDENTIFIER = com.rahul.MVVMTutorial;
				PRODUCT_NAME = "$(TARGET_NAME)";
				SWIFT_EMIT_LOC_STRINGS = YES;
				SWIFT_VERSION = 5.0;
				TARGETED_DEVICE_FAMILY = "1,2";
			};
			name = Debug;
		};
		4139AC2E2B51E2BB007C75C5 /* Release */ = {
			isa = XCBuildConfiguration;
			buildSettings = {
				ASSETCATALOG_COMPILER_APPICON_NAME = AppIcon;
				ASSETCATALOG_COMPILER_GLOBAL_ACCENT_COLOR_NAME = AccentColor;
				CODE_SIGN_STYLE = Automatic;
				CURRENT_PROJECT_VERSION = 1;
				DEVELOPMENT_TEAM = MX6LE45VPZ;
				GENERATE_INFOPLIST_FILE = YES;
				INFOPLIST_FILE = MVVMTutorial/Info.plist;
				INFOPLIST_KEY_UIApplicationSupportsIndirectInputEvents = YES;
				INFOPLIST_KEY_UILaunchStoryboardName = LaunchScreen;
				INFOPLIST_KEY_UIMainStoryboardFile = Main;
				INFOPLIST_KEY_UISupportedInterfaceOrientations = UIInterfaceOrientationPortrait;
				INFOPLIST_KEY_UISupportedInterfaceOrientations_iPad = "UIInterfaceOrientationLandscapeLeft UIInterfaceOrientationLandscapeRight UIInterfaceOrientationPortrait UIInterfaceOrientationPortraitUpsideDown";
				IPHONEOS_DEPLOYMENT_TARGET = 15.0;
				LD_RUNPATH_SEARCH_PATHS = (
					"$(inherited)",
					"@executable_path/Frameworks",
				);
				MARKETING_VERSION = 1.0;
				PRODUCT_BUNDLE_IDENTIFIER = com.rahul.MVVMTutorial;
				PRODUCT_NAME = "$(TARGET_NAME)";
				SWIFT_EMIT_LOC_STRINGS = YES;
				SWIFT_VERSION = 5.0;
				TARGETED_DEVICE_FAMILY = "1,2";
			};
			name = Release;
		};
		4139AC302B51E2BB007C75C5 /* Debug */ = {
			isa = XCBuildConfiguration;
			buildSettings = {
				ALWAYS_EMBED_SWIFT_STANDARD_LIBRARIES = YES;
				BUNDLE_LOADER = "$(TEST_HOST)";
				CODE_SIGN_STYLE = Automatic;
				CURRENT_PROJECT_VERSION = 1;
				DEVELOPMENT_TEAM = MX6LE45VPZ;
				GENERATE_INFOPLIST_FILE = YES;
				IPHONEOS_DEPLOYMENT_TARGET = 17.2;
				MARKETING_VERSION = 1.0;
				PRODUCT_BUNDLE_IDENTIFIER = com.rahul.MVVMTutorialTests;
				PRODUCT_NAME = "$(TARGET_NAME)";
				SWIFT_EMIT_LOC_STRINGS = NO;
				SWIFT_VERSION = 5.0;
				TARGETED_DEVICE_FAMILY = "1,2";
				TEST_HOST = "$(BUILT_PRODUCTS_DIR)/MVVMTutorial.app/$(BUNDLE_EXECUTABLE_FOLDER_PATH)/MVVMTutorial";
			};
			name = Debug;
		};
		4139AC312B51E2BB007C75C5 /* Release */ = {
			isa = XCBuildConfiguration;
			buildSettings = {
				ALWAYS_EMBED_SWIFT_STANDARD_LIBRARIES = YES;
				BUNDLE_LOADER = "$(TEST_HOST)";
				CODE_SIGN_STYLE = Automatic;
				CURRENT_PROJECT_VERSION = 1;
				DEVELOPMENT_TEAM = MX6LE45VPZ;
				GENERATE_INFOPLIST_FILE = YES;
				IPHONEOS_DEPLOYMENT_TARGET = 17.2;
				MARKETING_VERSION = 1.0;
				PRODUCT_BUNDLE_IDENTIFIER = com.rahul.MVVMTutorialTests;
				PRODUCT_NAME = "$(TARGET_NAME)";
				SWIFT_EMIT_LOC_STRINGS = NO;
				SWIFT_VERSION = 5.0;
				TARGETED_DEVICE_FAMILY = "1,2";
				TEST_HOST = "$(BUILT_PRODUCTS_DIR)/MVVMTutorial.app/$(BUNDLE_EXECUTABLE_FOLDER_PATH)/MVVMTutorial";
			};
			name = Release;
		};
		4139AC332B51E2BB007C75C5 /* Debug */ = {
			isa = XCBuildConfiguration;
			buildSettings = {
				ALWAYS_EMBED_SWIFT_STANDARD_LIBRARIES = YES;
				CODE_SIGN_STYLE = Automatic;
				CURRENT_PROJECT_VERSION = 1;
				DEVELOPMENT_TEAM = MX6LE45VPZ;
				GENERATE_INFOPLIST_FILE = YES;
				MARKETING_VERSION = 1.0;
				PRODUCT_BUNDLE_IDENTIFIER = com.rahul.MVVMTutorialUITests;
				PRODUCT_NAME = "$(TARGET_NAME)";
				SWIFT_EMIT_LOC_STRINGS = NO;
				SWIFT_VERSION = 5.0;
				TARGETED_DEVICE_FAMILY = "1,2";
				TEST_TARGET_NAME = MVVMTutorial;
			};
			name = Debug;
		};
		4139AC342B51E2BB007C75C5 /* Release */ = {
			isa = XCBuildConfiguration;
			buildSettings = {
				ALWAYS_EMBED_SWIFT_STANDARD_LIBRARIES = YES;
				CODE_SIGN_STYLE = Automatic;
				CURRENT_PROJECT_VERSION = 1;
				DEVELOPMENT_TEAM = MX6LE45VPZ;
				GENERATE_INFOPLIST_FILE = YES;
				MARKETING_VERSION = 1.0;
				PRODUCT_BUNDLE_IDENTIFIER = com.rahul.MVVMTutorialUITests;
				PRODUCT_NAME = "$(TARGET_NAME)";
				SWIFT_EMIT_LOC_STRINGS = NO;
				SWIFT_VERSION = 5.0;
				TARGETED_DEVICE_FAMILY = "1,2";
				TEST_TARGET_NAME = MVVMTutorial;
			};
			name = Release;
		};
/* End XCBuildConfiguration section */

/* Begin XCConfigurationList section */
		4139ABFD2B51E2B8007C75C5 /* Build configuration list for PBXProject "MVVMTutorial" */ = {
			isa = XCConfigurationList;
			buildConfigurations = (
				4139AC2A2B51E2BB007C75C5 /* Debug */,
				4139AC2B2B51E2BB007C75C5 /* Release */,
			);
			defaultConfigurationIsVisible = 0;
			defaultConfigurationName = Release;
		};
		4139AC2C2B51E2BB007C75C5 /* Build configuration list for PBXNativeTarget "MVVMTutorial" */ = {
			isa = XCConfigurationList;
			buildConfigurations = (
				4139AC2D2B51E2BB007C75C5 /* Debug */,
				4139AC2E2B51E2BB007C75C5 /* Release */,
			);
			defaultConfigurationIsVisible = 0;
			defaultConfigurationName = Release;
		};
		4139AC2F2B51E2BB007C75C5 /* Build configuration list for PBXNativeTarget "MVVMTutorialTests" */ = {
			isa = XCConfigurationList;
			buildConfigurations = (
				4139AC302B51E2BB007C75C5 /* Debug */,
				4139AC312B51E2BB007C75C5 /* Release */,
			);
			defaultConfigurationIsVisible = 0;
			defaultConfigurationName = Release;
		};
		4139AC322B51E2BB007C75C5 /* Build configuration list for PBXNativeTarget "MVVMTutorialUITests" */ = {
			isa = XCConfigurationList;
			buildConfigurations = (
				4139AC332B51E2BB007C75C5 /* Debug */,
				4139AC342B51E2BB007C75C5 /* Release */,
			);
			defaultConfigurationIsVisible = 0;
			defaultConfigurationName = Release;
		};
/* End XCConfigurationList section */
	};
	rootObject = 4139ABFA2B51E2B8007C75C5 /* Project object */;
}
